// !$*UTF8*$!
{
	archiveVersion = 1;
	classes = {
	};
	objectVersion = 50;
	objects = {

/* Begin PBXBuildFile section */
		CF3678A1247372A80011A900 /* AnswerViewController.swift in Sources */ = {isa = PBXBuildFile; fileRef = CF3678A0247372A80011A900 /* AnswerViewController.swift */; };
		CF41984F2472D86800BD37B3 /* AppDelegate.swift in Sources */ = {isa = PBXBuildFile; fileRef = CF41984E2472D86800BD37B3 /* AppDelegate.swift */; };
		CF4198512472D86800BD37B3 /* SceneDelegate.swift in Sources */ = {isa = PBXBuildFile; fileRef = CF4198502472D86800BD37B3 /* SceneDelegate.swift */; };
		CF4198582472D86900BD37B3 /* Assets.xcassets in Resources */ = {isa = PBXBuildFile; fileRef = CF4198572472D86900BD37B3 /* Assets.xcassets */; };
		CF41985B2472D86900BD37B3 /* LaunchScreen.storyboard in Resources */ = {isa = PBXBuildFile; fileRef = CF4198592472D86900BD37B3 /* LaunchScreen.storyboard */; };
		CF4198902472DDB000BD37B3 /* CardViewController.swift in Sources */ = {isa = PBXBuildFile; fileRef = CF41988F2472DDB000BD37B3 /* CardViewController.swift */; };
		CF49BB8225C07C4900CCE24D /* Main.storyboard in Resources */ = {isa = PBXBuildFile; fileRef = CF49BB8125C07C4900CCE24D /* Main.storyboard */; };
		CF79903724733AF7008B8CF9 /* ReadyViewController.swift in Sources */ = {isa = PBXBuildFile; fileRef = CF79903624733AF7008B8CF9 /* ReadyViewController.swift */; };
		CF79903B247348C1008B8CF9 /* SettingsViewController.swift in Sources */ = {isa = PBXBuildFile; fileRef = CF79903A247348C1008B8CF9 /* SettingsViewController.swift */; };
		CFBD813D24801A7C008A668E /* Variables.swift in Sources */ = {isa = PBXBuildFile; fileRef = CF4198862472DBDF00BD37B3 /* Variables.swift */; };
		CFBD813E24801A84008A668E /* HomeViewController.swift in Sources */ = {isa = PBXBuildFile; fileRef = CFBD813B24801661008A668E /* HomeViewController.swift */; };
		CFBD813F24801A87008A668E /* QuestionInfoViewController.swift in Sources */ = {isa = PBXBuildFile; fileRef = CFBD813924801661008A668E /* QuestionInfoViewController.swift */; };
		CFBD814024801A89008A668E /* QuestionTypesViewController.swift in Sources */ = {isa = PBXBuildFile; fileRef = CFBD813A24801661008A668E /* QuestionTypesViewController.swift */; };
		CFBD814124801AB0008A668E /* ResultsViewController.swift in Sources */ = {isa = PBXBuildFile; fileRef = CF1448A92474142100C184F5 /* ResultsViewController.swift */; };
		CFDB3C5125C0BD9900F3FCFB /* SigmarOne-Regular.ttf in Resources */ = {isa = PBXBuildFile; fileRef = CFDB3C4F25C0BB5200F3FCFB /* SigmarOne-Regular.ttf */; };
/* End PBXBuildFile section */

/* Begin PBXFileReference section */
		CF1448A92474142100C184F5 /* ResultsViewController.swift */ = {isa = PBXFileReference; lastKnownFileType = sourcecode.swift; path = ResultsViewController.swift; sourceTree = "<group>"; };
		CF3678A0247372A80011A900 /* AnswerViewController.swift */ = {isa = PBXFileReference; lastKnownFileType = sourcecode.swift; path = AnswerViewController.swift; sourceTree = "<group>"; };
		CF41984B2472D86800BD37B3 /* MentalMath.app */ = {isa = PBXFileReference; explicitFileType = wrapper.application; includeInIndex = 0; path = MentalMath.app; sourceTree = BUILT_PRODUCTS_DIR; };
		CF41984E2472D86800BD37B3 /* AppDelegate.swift */ = {isa = PBXFileReference; lastKnownFileType = sourcecode.swift; path = AppDelegate.swift; sourceTree = "<group>"; };
		CF4198502472D86800BD37B3 /* SceneDelegate.swift */ = {isa = PBXFileReference; lastKnownFileType = sourcecode.swift; path = SceneDelegate.swift; sourceTree = "<group>"; };
		CF4198572472D86900BD37B3 /* Assets.xcassets */ = {isa = PBXFileReference; lastKnownFileType = folder.assetcatalog; path = Assets.xcassets; sourceTree = "<group>"; };
		CF41985A2472D86900BD37B3 /* Base */ = {isa = PBXFileReference; lastKnownFileType = file.storyboard; name = Base; path = Base.lproj/LaunchScreen.storyboard; sourceTree = "<group>"; };
		CF41985C2472D86900BD37B3 /* Info.plist */ = {isa = PBXFileReference; lastKnownFileType = text.plist.xml; path = Info.plist; sourceTree = "<group>"; };
		CF4198862472DBDF00BD37B3 /* Variables.swift */ = {isa = PBXFileReference; lastKnownFileType = sourcecode.swift; path = Variables.swift; sourceTree = "<group>"; };
		CF41988F2472DDB000BD37B3 /* CardViewController.swift */ = {isa = PBXFileReference; fileEncoding = 4; lastKnownFileType = sourcecode.swift; path = CardViewController.swift; sourceTree = "<group>"; };
		CF49BB8125C07C4900CCE24D /* Main.storyboard */ = {isa = PBXFileReference; fileEncoding = 4; lastKnownFileType = file.storyboard; path = Main.storyboard; sourceTree = "<group>"; };
		CF79903624733AF7008B8CF9 /* ReadyViewController.swift */ = {isa = PBXFileReference; lastKnownFileType = sourcecode.swift; path = ReadyViewController.swift; sourceTree = "<group>"; };
		CF79903A247348C1008B8CF9 /* SettingsViewController.swift */ = {isa = PBXFileReference; lastKnownFileType = sourcecode.swift; path = SettingsViewController.swift; sourceTree = "<group>"; };
		CFBD813924801661008A668E /* QuestionInfoViewController.swift */ = {isa = PBXFileReference; lastKnownFileType = sourcecode.swift; path = QuestionInfoViewController.swift; sourceTree = "<group>"; };
		CFBD813A24801661008A668E /* QuestionTypesViewController.swift */ = {isa = PBXFileReference; lastKnownFileType = sourcecode.swift; path = QuestionTypesViewController.swift; sourceTree = "<group>"; };
		CFBD813B24801661008A668E /* HomeViewController.swift */ = {isa = PBXFileReference; lastKnownFileType = sourcecode.swift; path = HomeViewController.swift; sourceTree = "<group>"; };
		CFDB3C4F25C0BB5200F3FCFB /* SigmarOne-Regular.ttf */ = {isa = PBXFileReference; lastKnownFileType = file; name = "SigmarOne-Regular.ttf"; path = "../../Sigmar_One/SigmarOne-Regular.ttf"; sourceTree = "<group>"; };
/* End PBXFileReference section */

/* Begin PBXFrameworksBuildPhase section */
		CF4198482472D86800BD37B3 /* Frameworks */ = {
			isa = PBXFrameworksBuildPhase;
			buildActionMask = 2147483647;
			files = (
			);
			runOnlyForDeploymentPostprocessing = 0;
		};
/* End PBXFrameworksBuildPhase section */

/* Begin PBXGroup section */
		CF1448A42474141200C184F5 /* Main */ = {
			isa = PBXGroup;
			children = (
				CFBD813B24801661008A668E /* HomeViewController.swift */,
				CFBD813A24801661008A668E /* QuestionTypesViewController.swift */,
				CFBD813924801661008A668E /* QuestionInfoViewController.swift */,
			);
			name = Main;
			sourceTree = "<group>";
		};
		CF1448A82474142000C184F5 /* Cards */ = {
			isa = PBXGroup;
			children = (
				CF79903624733AF7008B8CF9 /* ReadyViewController.swift */,
				CF41988F2472DDB000BD37B3 /* CardViewController.swift */,
				CF3678A0247372A80011A900 /* AnswerViewController.swift */,
				CF1448A92474142100C184F5 /* ResultsViewController.swift */,
			);
			path = Cards;
			sourceTree = "<group>";
		};
		CF4198422472D86800BD37B3 = {
			isa = PBXGroup;
			children = (
				CF41984D2472D86800BD37B3 /* MentalMath */,
				CF41984C2472D86800BD37B3 /* Products */,
			);
			sourceTree = "<group>";
		};
		CF41984C2472D86800BD37B3 /* Products */ = {
			isa = PBXGroup;
			children = (
				CF41984B2472D86800BD37B3 /* MentalMath.app */,
			);
			name = Products;
			sourceTree = "<group>";
		};
		CF41984D2472D86800BD37B3 /* MentalMath */ = {
			isa = PBXGroup;
			children = (
				CF41984E2472D86800BD37B3 /* AppDelegate.swift */,
				CF4198502472D86800BD37B3 /* SceneDelegate.swift */,
				CF49BB8125C07C4900CCE24D /* Main.storyboard */,
				CF1448A42474141200C184F5 /* Main */,
				CF1448A82474142000C184F5 /* Cards */,
				CF79903D24734FDD008B8CF9 /* Settings */,
				CF4198842472DBDE00BD37B3 /* Models */,
				CF4198572472D86900BD37B3 /* Assets.xcassets */,
				CF4198592472D86900BD37B3 /* LaunchScreen.storyboard */,
				CF41985C2472D86900BD37B3 /* Info.plist */,
				CFDB3C4F25C0BB5200F3FCFB /* SigmarOne-Regular.ttf */,
			);
			path = MentalMath;
			sourceTree = "<group>";
		};
		CF4198842472DBDE00BD37B3 /* Models */ = {
			isa = PBXGroup;
			children = (
				CF4198862472DBDF00BD37B3 /* Variables.swift */,
			);
			path = Models;
			sourceTree = "<group>";
		};
		CF79903D24734FDD008B8CF9 /* Settings */ = {
			isa = PBXGroup;
			children = (
				CF79903A247348C1008B8CF9 /* SettingsViewController.swift */,
			);
			path = Settings;
			sourceTree = "<group>";
		};
/* End PBXGroup section */

/* Begin PBXNativeTarget section */
		CF41984A2472D86800BD37B3 /* MentalMath */ = {
			isa = PBXNativeTarget;
			buildConfigurationList = CF41985F2472D86900BD37B3 /* Build configuration list for PBXNativeTarget "MentalMath" */;
			buildPhases = (
				CF4198472472D86800BD37B3 /* Sources */,
				CF4198482472D86800BD37B3 /* Frameworks */,
				CF4198492472D86800BD37B3 /* Resources */,
			);
			buildRules = (
			);
			dependencies = (
			);
			name = MentalMath;
			productName = MindMath;
			productReference = CF41984B2472D86800BD37B3 /* MentalMath.app */;
			productType = "com.apple.product-type.application";
		};
/* End PBXNativeTarget section */

/* Begin PBXProject section */
		CF4198432472D86800BD37B3 /* Project object */ = {
			isa = PBXProject;
			attributes = {
				LastSwiftUpdateCheck = 1140;
				LastUpgradeCheck = 1230;
				ORGANIZATIONNAME = "Joseph Szafarowicz";
				TargetAttributes = {
					CF41984A2472D86800BD37B3 = {
						CreatedOnToolsVersion = 11.4.1;
					};
				};
			};
			buildConfigurationList = CF4198462472D86800BD37B3 /* Build configuration list for PBXProject "MentalMath" */;
			compatibilityVersion = "Xcode 9.3";
			developmentRegion = en;
			hasScannedForEncodings = 0;
			knownRegions = (
				en,
				Base,
			);
			mainGroup = CF4198422472D86800BD37B3;
			productRefGroup = CF41984C2472D86800BD37B3 /* Products */;
			projectDirPath = "";
			projectRoot = "";
			targets = (
				CF41984A2472D86800BD37B3 /* MentalMath */,
			);
		};
/* End PBXProject section */

/* Begin PBXResourcesBuildPhase section */
		CF4198492472D86800BD37B3 /* Resources */ = {
			isa = PBXResourcesBuildPhase;
			buildActionMask = 2147483647;
			files = (
				CF49BB8225C07C4900CCE24D /* Main.storyboard in Resources */,
				CFDB3C5125C0BD9900F3FCFB /* SigmarOne-Regular.ttf in Resources */,
				CF41985B2472D86900BD37B3 /* LaunchScreen.storyboard in Resources */,
				CF4198582472D86900BD37B3 /* Assets.xcassets in Resources */,
			);
			runOnlyForDeploymentPostprocessing = 0;
		};
/* End PBXResourcesBuildPhase section */

/* Begin PBXSourcesBuildPhase section */
		CF4198472472D86800BD37B3 /* Sources */ = {
			isa = PBXSourcesBuildPhase;
			buildActionMask = 2147483647;
			files = (
				CFBD814024801A89008A668E /* QuestionTypesViewController.swift in Sources */,
				CFBD813D24801A7C008A668E /* Variables.swift in Sources */,
				CF79903724733AF7008B8CF9 /* ReadyViewController.swift in Sources */,
				CF4198902472DDB000BD37B3 /* CardViewController.swift in Sources */,
				CF41984F2472D86800BD37B3 /* AppDelegate.swift in Sources */,
				CFBD814124801AB0008A668E /* ResultsViewController.swift in Sources */,
				CFBD813F24801A87008A668E /* QuestionInfoViewController.swift in Sources */,
				CF3678A1247372A80011A900 /* AnswerViewController.swift in Sources */,
				CF79903B247348C1008B8CF9 /* SettingsViewController.swift in Sources */,
				CF4198512472D86800BD37B3 /* SceneDelegate.swift in Sources */,
				CFBD813E24801A84008A668E /* HomeViewController.swift in Sources */,
			);
			runOnlyForDeploymentPostprocessing = 0;
		};
/* End PBXSourcesBuildPhase section */

/* Begin PBXVariantGroup section */
		CF4198592472D86900BD37B3 /* LaunchScreen.storyboard */ = {
			isa = PBXVariantGroup;
			children = (
				CF41985A2472D86900BD37B3 /* Base */,
			);
			name = LaunchScreen.storyboard;
			sourceTree = "<group>";
		};
/* End PBXVariantGroup section */

/* Begin XCBuildConfiguration section */
		CF41985D2472D86900BD37B3 /* Debug */ = {
			isa = XCBuildConfiguration;
			buildSettings = {
				ALWAYS_SEARCH_USER_PATHS = NO;
				CLANG_ANALYZER_NONNULL = YES;
				CLANG_ANALYZER_NUMBER_OBJECT_CONVERSION = YES_AGGRESSIVE;
				CLANG_CXX_LANGUAGE_STANDARD = "gnu++14";
				CLANG_CXX_LIBRARY = "libc++";
				CLANG_ENABLE_MODULES = YES;
				CLANG_ENABLE_OBJC_ARC = YES;
				CLANG_ENABLE_OBJC_WEAK = YES;
				CLANG_WARN_BLOCK_CAPTURE_AUTORELEASING = YES;
				CLANG_WARN_BOOL_CONVERSION = YES;
				CLANG_WARN_COMMA = YES;
				CLANG_WARN_CONSTANT_CONVERSION = YES;
				CLANG_WARN_DEPRECATED_OBJC_IMPLEMENTATIONS = YES;
				CLANG_WARN_DIRECT_OBJC_ISA_USAGE = YES_ERROR;
				CLANG_WARN_DOCUMENTATION_COMMENTS = YES;
				CLANG_WARN_EMPTY_BODY = YES;
				CLANG_WARN_ENUM_CONVERSION = YES;
				CLANG_WARN_INFINITE_RECURSION = YES;
				CLANG_WARN_INT_CONVERSION = YES;
				CLANG_WARN_NON_LITERAL_NULL_CONVERSION = YES;
				CLANG_WARN_OBJC_IMPLICIT_RETAIN_SELF = YES;
				CLANG_WARN_OBJC_LITERAL_CONVERSION = YES;
				CLANG_WARN_OBJC_ROOT_CLASS = YES_ERROR;
				CLANG_WARN_QUOTED_INCLUDE_IN_FRAMEWORK_HEADER = YES;
				CLANG_WARN_RANGE_LOOP_ANALYSIS = YES;
				CLANG_WARN_STRICT_PROTOTYPES = YES;
				CLANG_WARN_SUSPICIOUS_MOVE = YES;
				CLANG_WARN_UNGUARDED_AVAILABILITY = YES_AGGRESSIVE;
				CLANG_WARN_UNREACHABLE_CODE = YES;
				CLANG_WARN__DUPLICATE_METHOD_MATCH = YES;
				COPY_PHASE_STRIP = NO;
				DEBUG_INFORMATION_FORMAT = dwarf;
				ENABLE_STRICT_OBJC_MSGSEND = YES;
				ENABLE_TESTABILITY = YES;
				GCC_C_LANGUAGE_STANDARD = gnu11;
				GCC_DYNAMIC_NO_PIC = NO;
				GCC_NO_COMMON_BLOCKS = YES;
				GCC_OPTIMIZATION_LEVEL = 0;
				GCC_PREPROCESSOR_DEFINITIONS = (
					"DEBUG=1",
					"$(inherited)",
				);
				GCC_WARN_64_TO_32_BIT_CONVERSION = YES;
				GCC_WARN_ABOUT_RETURN_TYPE = YES_ERROR;
				GCC_WARN_UNDECLARED_SELECTOR = YES;
				GCC_WARN_UNINITIALIZED_AUTOS = YES_AGGRESSIVE;
				GCC_WARN_UNUSED_FUNCTION = YES;
				GCC_WARN_UNUSED_VARIABLE = YES;
				IPHONEOS_DEPLOYMENT_TARGET = 13.4;
				MTL_ENABLE_DEBUG_INFO = INCLUDE_SOURCE;
				MTL_FAST_MATH = YES;
				ONLY_ACTIVE_ARCH = YES;
				SDKROOT = iphoneos;
				SWIFT_ACTIVE_COMPILATION_CONDITIONS = DEBUG;
				SWIFT_OPTIMIZATION_LEVEL = "-Onone";
			};
			name = Debug;
		};
		CF41985E2472D86900BD37B3 /* Release */ = {
			isa = XCBuildConfiguration;
			buildSettings = {
				ALWAYS_SEARCH_USER_PATHS = NO;
				CLANG_ANALYZER_NONNULL = YES;
				CLANG_ANALYZER_NUMBER_OBJECT_CONVERSION = YES_AGGRESSIVE;
				CLANG_CXX_LANGUAGE_STANDARD = "gnu++14";
				CLANG_CXX_LIBRARY = "libc++";
				CLANG_ENABLE_MODULES = YES;
				CLANG_ENABLE_OBJC_ARC = YES;
				CLANG_ENABLE_OBJC_WEAK = YES;
				CLANG_WARN_BLOCK_CAPTURE_AUTORELEASING = YES;
				CLANG_WARN_BOOL_CONVERSION = YES;
				CLANG_WARN_COMMA = YES;
				CLANG_WARN_CONSTANT_CONVERSION = YES;
				CLANG_WARN_DEPRECATED_OBJC_IMPLEMENTATIONS = YES;
				CLANG_WARN_DIRECT_OBJC_ISA_USAGE = YES_ERROR;
				CLANG_WARN_DOCUMENTATION_COMMENTS = YES;
				CLANG_WARN_EMPTY_BODY = YES;
				CLANG_WARN_ENUM_CONVERSION = YES;
				CLANG_WARN_INFINITE_RECURSION = YES;
				CLANG_WARN_INT_CONVERSION = YES;
				CLANG_WARN_NON_LITERAL_NULL_CONVERSION = YES;
				CLANG_WARN_OBJC_IMPLICIT_RETAIN_SELF = YES;
				CLANG_WARN_OBJC_LITERAL_CONVERSION = YES;
				CLANG_WARN_OBJC_ROOT_CLASS = YES_ERROR;
				CLANG_WARN_QUOTED_INCLUDE_IN_FRAMEWORK_HEADER = YES;
				CLANG_WARN_RANGE_LOOP_ANALYSIS = YES;
				CLANG_WARN_STRICT_PROTOTYPES = YES;
				CLANG_WARN_SUSPICIOUS_MOVE = YES;
				CLANG_WARN_UNGUARDED_AVAILABILITY = YES_AGGRESSIVE;
				CLANG_WARN_UNREACHABLE_CODE = YES;
				CLANG_WARN__DUPLICATE_METHOD_MATCH = YES;
				COPY_PHASE_STRIP = NO;
				DEBUG_INFORMATION_FORMAT = "dwarf-with-dsym";
				ENABLE_NS_ASSERTIONS = NO;
				ENABLE_STRICT_OBJC_MSGSEND = YES;
				GCC_C_LANGUAGE_STANDARD = gnu11;
				GCC_NO_COMMON_BLOCKS = YES;
				GCC_WARN_64_TO_32_BIT_CONVERSION = YES;
				GCC_WARN_ABOUT_RETURN_TYPE = YES_ERROR;
				GCC_WARN_UNDECLARED_SELECTOR = YES;
				GCC_WARN_UNINITIALIZED_AUTOS = YES_AGGRESSIVE;
				GCC_WARN_UNUSED_FUNCTION = YES;
				GCC_WARN_UNUSED_VARIABLE = YES;
				IPHONEOS_DEPLOYMENT_TARGET = 13.4;
				MTL_ENABLE_DEBUG_INFO = NO;
				MTL_FAST_MATH = YES;
				SDKROOT = iphoneos;
				SWIFT_COMPILATION_MODE = wholemodule;
				SWIFT_OPTIMIZATION_LEVEL = "-O";
				VALIDATE_PRODUCT = YES;
			};
			name = Release;
		};
		CF4198602472D86900BD37B3 /* Debug */ = {
			isa = XCBuildConfiguration;
			buildSettings = {
				ASSETCATALOG_COMPILER_APPICON_NAME = AppIcon;
				CODE_SIGN_STYLE = Automatic;
				CURRENT_PROJECT_VERSION = 1.0.5;
				DEVELOPMENT_TEAM = 24WZU35MAF;
				INFOPLIST_FILE = "$(SRCROOT)/MentalMath/Info.plist";
				LD_RUNPATH_SEARCH_PATHS = (
					"$(inherited)",
					"@executable_path/Frameworks",
				);
				MARKETING_VERSION = 1.0;
				PRODUCT_BUNDLE_IDENTIFIER = com.josephszafarowicz.MentalMath;
				PRODUCT_NAME = "$(TARGET_NAME)";
				SWIFT_VERSION = 5.0;
				TARGETED_DEVICE_FAMILY = "1,2";
			};
			name = Debug;
		};
		CF4198612472D86900BD37B3 /* Release */ = {
			isa = XCBuildConfiguration;
			buildSettings = {
				ASSETCATALOG_COMPILER_APPICON_NAME = AppIcon;
				CODE_SIGN_STYLE = Automatic;
				CURRENT_PROJECT_VERSION = 1.0.5;
				DEVELOPMENT_TEAM = 24WZU35MAF;
				INFOPLIST_FILE = "$(SRCROOT)/MentalMath/Info.plist";
				LD_RUNPATH_SEARCH_PATHS = (
					"$(inherited)",
					"@executable_path/Frameworks",
				);
				MARKETING_VERSION = 1.0;
				PRODUCT_BUNDLE_IDENTIFIER = com.josephszafarowicz.MentalMath;
				PRODUCT_NAME = "$(TARGET_NAME)";
				SWIFT_VERSION = 5.0;
				TARGETED_DEVICE_FAMILY = "1,2";
			};
			name = Release;
		};
/* End XCBuildConfiguration section */

/* Begin XCConfigurationList section */
		CF4198462472D86800BD37B3 /* Build configuration list for PBXProject "MentalMath" */ = {
			isa = XCConfigurationList;
			buildConfigurations = (
				CF41985D2472D86900BD37B3 /* Debug */,
				CF41985E2472D86900BD37B3 /* Release */,
			);
			defaultConfigurationIsVisible = 0;
			defaultConfigurationName = Release;
		};
		CF41985F2472D86900BD37B3 /* Build configuration list for PBXNativeTarget "MentalMath" */ = {
			isa = XCConfigurationList;
			buildConfigurations = (
				CF4198602472D86900BD37B3 /* Debug */,
				CF4198612472D86900BD37B3 /* Release */,
			);
			defaultConfigurationIsVisible = 0;
			defaultConfigurationName = Release;
		};
/* End XCConfigurationList section */
	};
	rootObject = CF4198432472D86800BD37B3 /* Project object */;
}
